
Microsoft Visual Studio Solution File, Format Version 12.00
# Visual Studio Version 17
VisualStudioVersion = 17.10.35027.167
MinimumVisualStudioVersion = 10.0.40219.1
Project("{8BC9CEB8-8B4A-11D0-8D11-00A0C91BC942}") = "StayAwake_NPP", "StayAwake_NPP.vcxproj", "{9C556384-6F56-417E-BCB2-E19CE3094172}"
EndProject
Global
	GlobalSection(SolutionConfigurationPlatforms) = preSolution
		Debug|ARM64 = Debug|ARM64
		Debug|x64 = Debug|x64
		Debug|x86 = Debug|x86
		Release|ARM64 = Release|ARM64
		Release|x64 = Release|x64
		Release|x86 = Release|x86
	EndGlobalSection
	GlobalSection(ProjectConfigurationPlatforms) = postSolution
		{9C556384-6F56-417E-BCB2-E19CE3094172}.Debug|ARM64.ActiveCfg = Debug|ARM64
		{9C556384-6F56-417E-BCB2-E19CE3094172}.Debug|ARM64.Build.0 = Debug|ARM64
		{9C556384-6F56-417E-BCB2-E19CE3094172}.Debug|x64.ActiveCfg = Release|x64
		{9C556384-6F56-417E-BCB2-E19CE3094172}.Debug|x64.Build.0 = Release|x64
		{9C556384-6F56-417E-BCB2-E19CE3094172}.Debug|x86.ActiveCfg = Debug|Win32
		{9C556384-6F56-417E-BCB2-E19CE3094172}.Debug|x86.Build.0 = Debug|Win32
		{9C556384-6F56-417E-BCB2-E19CE3094172}.Release|ARM64.ActiveCfg = Release|ARM64
		{9C556384-6F56-417E-BCB2-E19CE3094172}.Release|ARM64.Build.0 = Release|ARM64
		{9C556384-6F56-417E-BCB2-E19CE3094172}.Release|x64.ActiveCfg = Release|x64
		{9C556384-6F56-417E-BCB2-E19CE3094172}.Release|x64.Build.0 = Release|x64
		{9C556384-6F56-417E-BCB2-E19CE3094172}.Release|x86.ActiveCfg = Release|Win32
		{9C556384-6F56-417E-BCB2-E19CE3094172}.Release|x86.Build.0 = Release|Win32
	EndGlobalSection
	GlobalSection(SolutionProperties) = preSolution
		HideSolutionNode = FALSE
	EndGlobalSection
	GlobalSection(ExtensibilityGlobals) = postSolution
		SolutionGuid = {B0CF601F-0A71-4717-9D64-CFBE01A7AACC}
	EndGlobalSection
EndGlobal
